// !$*UTF8*$!
{
	archiveVersion = 1;
	classes = {
	};
	objectVersion = 50;
	objects = {

/* Begin PBXBuildFile section */
		CAF8F80421EF3031007FE40B /* AppDelegate.swift in Sources */ = {isa = PBXBuildFile; fileRef = CAF8F80321EF3031007FE40B /* AppDelegate.swift */; };
		CAF8F80621EF3031007FE40B /* ViewController.swift in Sources */ = {isa = PBXBuildFile; fileRef = CAF8F80521EF3031007FE40B /* ViewController.swift */; };
		CAF8F80921EF3031007FE40B /* Main.storyboard in Resources */ = {isa = PBXBuildFile; fileRef = CAF8F80721EF3031007FE40B /* Main.storyboard */; };
		CAF8F80B21EF3032007FE40B /* Assets.xcassets in Resources */ = {isa = PBXBuildFile; fileRef = CAF8F80A21EF3032007FE40B /* Assets.xcassets */; };
		CAF8F80E21EF3032007FE40B /* LaunchScreen.storyboard in Resources */ = {isa = PBXBuildFile; fileRef = CAF8F80C21EF3032007FE40B /* LaunchScreen.storyboard */; };
		CAF8F81921EF3032007FE40B /* MovingCircleAnimationTests.swift in Sources */ = {isa = PBXBuildFile; fileRef = CAF8F81821EF3032007FE40B /* MovingCircleAnimationTests.swift */; };
/* End PBXBuildFile section */

/* Begin PBXContainerItemProxy section */
		CAF8F81521EF3032007FE40B /* PBXContainerItemProxy */ = {
			isa = PBXContainerItemProxy;
			containerPortal = CAF8F7F821EF3031007FE40B /* Project object */;
			proxyType = 1;
			remoteGlobalIDString = CAF8F7FF21EF3031007FE40B;
			remoteInfo = MovingCircleAnimation;
		};
/* End PBXContainerItemProxy section */

/* Begin PBXFileReference section */
		CAF8F80021EF3031007FE40B /* MovingCircleAnimation.app */ = {isa = PBXFileReference; explicitFileType = wrapper.application; includeInIndex = 0; path = MovingCircleAnimation.app; sourceTree = BUILT_PRODUCTS_DIR; };
		CAF8F80321EF3031007FE40B /* AppDelegate.swift */ = {isa = PBXFileReference; lastKnownFileType = sourcecode.swift; path = AppDelegate.swift; sourceTree = "<group>"; };
		CAF8F80521EF3031007FE40B /* ViewController.swift */ = {isa = PBXFileReference; lastKnownFileType = sourcecode.swift; path = ViewController.swift; sourceTree = "<group>"; };
		CAF8F80821EF3031007FE40B /* Base */ = {isa = PBXFileReference; lastKnownFileType = file.storyboard; name = Base; path = Base.lproj/Main.storyboard; sourceTree = "<group>"; };
		CAF8F80A21EF3032007FE40B /* Assets.xcassets */ = {isa = PBXFileReference; lastKnownFileType = folder.assetcatalog; path = Assets.xcassets; sourceTree = "<group>"; };
		CAF8F80D21EF3032007FE40B /* Base */ = {isa = PBXFileReference; lastKnownFileType = file.storyboard; name = Base; path = Base.lproj/LaunchScreen.storyboard; sourceTree = "<group>"; };
		CAF8F80F21EF3032007FE40B /* Info.plist */ = {isa = PBXFileReference; lastKnownFileType = text.plist.xml; path = Info.plist; sourceTree = "<group>"; };
		CAF8F81421EF3032007FE40B /* MovingCircleAnimationTests.xctest */ = {isa = PBXFileReference; explicitFileType = wrapper.cfbundle; includeInIndex = 0; path = MovingCircleAnimationTests.xctest; sourceTree = BUILT_PRODUCTS_DIR; };
		CAF8F81821EF3032007FE40B /* MovingCircleAnimationTests.swift */ = {isa = PBXFileReference; lastKnownFileType = sourcecode.swift; path = MovingCircleAnimationTests.swift; sourceTree = "<group>"; };
		CAF8F81A21EF3032007FE40B /* Info.plist */ = {isa = PBXFileReference; lastKnownFileType = text.plist.xml; path = Info.plist; sourceTree = "<group>"; };
/* End PBXFileReference section */

/* Begin PBXFrameworksBuildPhase section */
		CAF8F7FD21EF3031007FE40B /* Frameworks */ = {
			isa = PBXFrameworksBuildPhase;
			buildActionMask = 2147483647;
			files = (
			);
			runOnlyForDeploymentPostprocessing = 0;
		};
		CAF8F81121EF3032007FE40B /* Frameworks */ = {
			isa = PBXFrameworksBuildPhase;
			buildActionMask = 2147483647;
			files = (
			);
			runOnlyForDeploymentPostprocessing = 0;
		};
/* End PBXFrameworksBuildPhase section */

/* Begin PBXGroup section */
		CAF8F7F721EF3031007FE40B = {
			isa = PBXGroup;
			children = (
				CAF8F80221EF3031007FE40B /* MovingCircleAnimation */,
				CAF8F81721EF3032007FE40B /* MovingCircleAnimationTests */,
				CAF8F80121EF3031007FE40B /* Products */,
			);
			sourceTree = "<group>";
		};
		CAF8F80121EF3031007FE40B /* Products */ = {
			isa = PBXGroup;
			children = (
				CAF8F80021EF3031007FE40B /* MovingCircleAnimation.app */,
				CAF8F81421EF3032007FE40B /* MovingCircleAnimationTests.xctest */,
			);
			name = Products;
			sourceTree = "<group>";
		};
		CAF8F80221EF3031007FE40B /* MovingCircleAnimation */ = {
			isa = PBXGroup;
			children = (
				CAF8F80321EF3031007FE40B /* AppDelegate.swift */,
				CAF8F80521EF3031007FE40B /* ViewController.swift */,
				CAF8F80721EF3031007FE40B /* Main.storyboard */,
				CAF8F80A21EF3032007FE40B /* Assets.xcassets */,
				CAF8F80C21EF3032007FE40B /* LaunchScreen.storyboard */,
				CAF8F80F21EF3032007FE40B /* Info.plist */,
			);
			path = MovingCircleAnimation;
			sourceTree = "<group>";
		};
		CAF8F81721EF3032007FE40B /* MovingCircleAnimationTests */ = {
			isa = PBXGroup;
			children = (
				CAF8F81821EF3032007FE40B /* MovingCircleAnimationTests.swift */,
				CAF8F81A21EF3032007FE40B /* Info.plist */,
			);
			path = MovingCircleAnimationTests;
			sourceTree = "<group>";
		};
/* End PBXGroup section */

/* Begin PBXNativeTarget section */
		CAF8F7FF21EF3031007FE40B /* MovingCircleAnimation */ = {
			isa = PBXNativeTarget;
			buildConfigurationList = CAF8F81D21EF3032007FE40B /* Build configuration list for PBXNativeTarget "MovingCircleAnimation" */;
			buildPhases = (
				CAF8F7FC21EF3031007FE40B /* Sources */,
				CAF8F7FD21EF3031007FE40B /* Frameworks */,
				CAF8F7FE21EF3031007FE40B /* Resources */,
			);
			buildRules = (
			);
			dependencies = (
			);
			name = MovingCircleAnimation;
			productName = MovingCircleAnimation;
			productReference = CAF8F80021EF3031007FE40B /* MovingCircleAnimation.app */;
			productType = "com.apple.product-type.application";
		};
		CAF8F81321EF3032007FE40B /* MovingCircleAnimationTests */ = {
			isa = PBXNativeTarget;
			buildConfigurationList = CAF8F82021EF3032007FE40B /* Build configuration list for PBXNativeTarget "MovingCircleAnimationTests" */;
			buildPhases = (
				CAF8F81021EF3032007FE40B /* Sources */,
				CAF8F81121EF3032007FE40B /* Frameworks */,
				CAF8F81221EF3032007FE40B /* Resources */,
			);
			buildRules = (
			);
			dependencies = (
				CAF8F81621EF3032007FE40B /* PBXTargetDependency */,
			);
			name = MovingCircleAnimationTests;
			productName = MovingCircleAnimationTests;
			productReference = CAF8F81421EF3032007FE40B /* MovingCircleAnimationTests.xctest */;
			productType = "com.apple.product-type.bundle.unit-test";
		};
/* End PBXNativeTarget section */

/* Begin PBXProject section */
		CAF8F7F821EF3031007FE40B /* Project object */ = {
			isa = PBXProject;
			attributes = {
				LastSwiftUpdateCheck = 1010;
				LastUpgradeCheck = 1010;
				ORGANIZATIONNAME = "Steven Curtis";
				TargetAttributes = {
					CAF8F7FF21EF3031007FE40B = {
						CreatedOnToolsVersion = 10.1;
					};
					CAF8F81321EF3032007FE40B = {
						CreatedOnToolsVersion = 10.1;
						TestTargetID = CAF8F7FF21EF3031007FE40B;
					};
				};
			};
			buildConfigurationList = CAF8F7FB21EF3031007FE40B /* Build configuration list for PBXProject "MovingCircleAnimation" */;
			compatibilityVersion = "Xcode 9.3";
			developmentRegion = en;
			hasScannedForEncodings = 0;
			knownRegions = (
				en,
				Base,
			);
			mainGroup = CAF8F7F721EF3031007FE40B;
			productRefGroup = CAF8F80121EF3031007FE40B /* Products */;
			projectDirPath = "";
			projectRoot = "";
			targets = (
				CAF8F7FF21EF3031007FE40B /* MovingCircleAnimation */,
				CAF8F81321EF3032007FE40B /* MovingCircleAnimationTests */,
			);
		};
/* End PBXProject section */

/* Begin PBXResourcesBuildPhase section */
		CAF8F7FE21EF3031007FE40B /* Resources */ = {
			isa = PBXResourcesBuildPhase;
			buildActionMask = 2147483647;
			files = (
				CAF8F80E21EF3032007FE40B /* LaunchScreen.storyboard in Resources */,
				CAF8F80B21EF3032007FE40B /* Assets.xcassets in Resources */,
				CAF8F80921EF3031007FE40B /* Main.storyboard in Resources */,
			);
			runOnlyForDeploymentPostprocessing = 0;
		};
		CAF8F81221EF3032007FE40B /* Resources */ = {
			isa = PBXResourcesBuildPhase;
			buildActionMask = 2147483647;
			files = (
			);
			runOnlyForDeploymentPostprocessing = 0;
		};
/* End PBXResourcesBuildPhase section */

/* Begin PBXSourcesBuildPhase section */
		CAF8F7FC21EF3031007FE40B /* Sources */ = {
			isa = PBXSourcesBuildPhase;
			buildActionMask = 2147483647;
			files = (
				CAF8F80621EF3031007FE40B /* ViewController.swift in Sources */,
				CAF8F80421EF3031007FE40B /* AppDelegate.swift in Sources */,
			);
			runOnlyForDeploymentPostprocessing = 0;
		};
		CAF8F81021EF3032007FE40B /* Sources */ = {
			isa = PBXSourcesBuildPhase;
			buildActionMask = 2147483647;
			files = (
				CAF8F81921EF3032007FE40B /* MovingCircleAnimationTests.swift in Sources */,
			);
			runOnlyForDeploymentPostprocessing = 0;
		};
/* End PBXSourcesBuildPhase section */

/* Begin PBXTargetDependency section */
		CAF8F81621EF3032007FE40B /* PBXTargetDependency */ = {
			isa = PBXTargetDependency;
			target = CAF8F7FF21EF3031007FE40B /* MovingCircleAnimation */;
			targetProxy = CAF8F81521EF3032007FE40B /* PBXContainerItemProxy */;
		};
/* End PBXTargetDependency section */

/* Begin PBXVariantGroup section */
		CAF8F80721EF3031007FE40B /* Main.storyboard */ = {
			isa = PBXVariantGroup;
			children = (
				CAF8F80821EF3031007FE40B /* Base */,
			);
			name = Main.storyboard;
			sourceTree = "<group>";
		};
		CAF8F80C21EF3032007FE40B /* LaunchScreen.storyboard */ = {
			isa = PBXVariantGroup;
			children = (
				CAF8F80D21EF3032007FE40B /* Base */,
			);
			name = LaunchScreen.storyboard;
			sourceTree = "<group>";
		};
/* End PBXVariantGroup section */

/* Begin XCBuildConfiguration section */
		CAF8F81B21EF3032007FE40B /* Debug */ = {
			isa = XCBuildConfiguration;
			buildSettings = {
				ALWAYS_SEARCH_USER_PATHS = NO;
				CLANG_ANALYZER_NONNULL = YES;
				CLANG_ANALYZER_NUMBER_OBJECT_CONVERSION = YES_AGGRESSIVE;
				CLANG_CXX_LANGUAGE_STANDARD = "gnu++14";
				CLANG_CXX_LIBRARY = "libc++";
				CLANG_ENABLE_MODULES = YES;
				CLANG_ENABLE_OBJC_ARC = YES;
				CLANG_ENABLE_OBJC_WEAK = YES;
				CLANG_WARN_BLOCK_CAPTURE_AUTORELEASING = YES;
				CLANG_WARN_BOOL_CONVERSION = YES;
				CLANG_WARN_COMMA = YES;
				CLANG_WARN_CONSTANT_CONVERSION = YES;
				CLANG_WARN_DEPRECATED_OBJC_IMPLEMENTATIONS = YES;
				CLANG_WARN_DIRECT_OBJC_ISA_USAGE = YES_ERROR;
				CLANG_WARN_DOCUMENTATION_COMMENTS = YES;
				CLANG_WARN_EMPTY_BODY = YES;
				CLANG_WARN_ENUM_CONVERSION = YES;
				CLANG_WARN_INFINITE_RECURSION = YES;
				CLANG_WARN_INT_CONVERSION = YES;
				CLANG_WARN_NON_LITERAL_NULL_CONVERSION = YES;
				CLANG_WARN_OBJC_IMPLICIT_RETAIN_SELF = YES;
				CLANG_WARN_OBJC_LITERAL_CONVERSION = YES;
				CLANG_WARN_OBJC_ROOT_CLASS = YES_ERROR;
				CLANG_WARN_RANGE_LOOP_ANALYSIS = YES;
				CLANG_WARN_STRICT_PROTOTYPES = YES;
				CLANG_WARN_SUSPICIOUS_MOVE = YES;
				CLANG_WARN_UNGUARDED_AVAILABILITY = YES_AGGRESSIVE;
				CLANG_WARN_UNREACHABLE_CODE = YES;
				CLANG_WARN__DUPLICATE_METHOD_MATCH = YES;
				CODE_SIGN_IDENTITY = "iPhone Developer";
				COPY_PHASE_STRIP = NO;
				DEBUG_INFORMATION_FORMAT = dwarf;
				ENABLE_STRICT_OBJC_MSGSEND = YES;
				ENABLE_TESTABILITY = YES;
				GCC_C_LANGUAGE_STANDARD = gnu11;
				GCC_DYNAMIC_NO_PIC = NO;
				GCC_NO_COMMON_BLOCKS = YES;
				GCC_OPTIMIZATION_LEVEL = 0;
				GCC_PREPROCESSOR_DEFINITIONS = (
					"DEBUG=1",
					"$(inherited)",
				);
				GCC_WARN_64_TO_32_BIT_CONVERSION = YES;
				GCC_WARN_ABOUT_RETURN_TYPE = YES_ERROR;
				GCC_WARN_UNDECLARED_SELECTOR = YES;
				GCC_WARN_UNINITIALIZED_AUTOS = YES_AGGRESSIVE;
				GCC_WARN_UNUSED_FUNCTION = YES;
				GCC_WARN_UNUSED_VARIABLE = YES;
				IPHONEOS_DEPLOYMENT_TARGET = 12.1;
				MTL_ENABLE_DEBUG_INFO = INCLUDE_SOURCE;
				MTL_FAST_MATH = YES;
				ONLY_ACTIVE_ARCH = YES;
				SDKROOT = iphoneos;
				SWIFT_ACTIVE_COMPILATION_CONDITIONS = DEBUG;
				SWIFT_OPTIMIZATION_LEVEL = "-Onone";
			};
			name = Debug;
		};
		CAF8F81C21EF3032007FE40B /* Release */ = {
			isa = XCBuildConfiguration;
			buildSettings = {
				ALWAYS_SEARCH_USER_PATHS = NO;
				CLANG_ANALYZER_NONNULL = YES;
				CLANG_ANALYZER_NUMBER_OBJECT_CONVERSION = YES_AGGRESSIVE;
				CLANG_CXX_LANGUAGE_STANDARD = "gnu++14";
				CLANG_CXX_LIBRARY = "libc++";
				CLANG_ENABLE_MODULES = YES;
				CLANG_ENABLE_OBJC_ARC = YES;
				CLANG_ENABLE_OBJC_WEAK = YES;
				CLANG_WARN_BLOCK_CAPTURE_AUTORELEASING = YES;
				CLANG_WARN_BOOL_CONVERSION = YES;
				CLANG_WARN_COMMA = YES;
				CLANG_WARN_CONSTANT_CONVERSION = YES;
				CLANG_WARN_DEPRECATED_OBJC_IMPLEMENTATIONS = YES;
				CLANG_WARN_DIRECT_OBJC_ISA_USAGE = YES_ERROR;
				CLANG_WARN_DOCUMENTATION_COMMENTS = YES;
				CLANG_WARN_EMPTY_BODY = YES;
				CLANG_WARN_ENUM_CONVERSION = YES;
				CLANG_WARN_INFINITE_RECURSION = YES;
				CLANG_WARN_INT_CONVERSION = YES;
				CLANG_WARN_NON_LITERAL_NULL_CONVERSION = YES;
				CLANG_WARN_OBJC_IMPLICIT_RETAIN_SELF = YES;
				CLANG_WARN_OBJC_LITERAL_CONVERSION = YES;
				CLANG_WARN_OBJC_ROOT_CLASS = YES_ERROR;
				CLANG_WARN_RANGE_LOOP_ANALYSIS = YES;
				CLANG_WARN_STRICT_PROTOTYPES = YES;
				CLANG_WARN_SUSPICIOUS_MOVE = YES;
				CLANG_WARN_UNGUARDED_AVAILABILITY = YES_AGGRESSIVE;
				CLANG_WARN_UNREACHABLE_CODE = YES;
				CLANG_WARN__DUPLICATE_METHOD_MATCH = YES;
				CODE_SIGN_IDENTITY = "iPhone Developer";
				COPY_PHASE_STRIP = NO;
				DEBUG_INFORMATION_FORMAT = "dwarf-with-dsym";
				ENABLE_NS_ASSERTIONS = NO;
				ENABLE_STRICT_OBJC_MSGSEND = YES;
				GCC_C_LANGUAGE_STANDARD = gnu11;
				GCC_NO_COMMON_BLOCKS = YES;
				GCC_WARN_64_TO_32_BIT_CONVERSION = YES;
				GCC_WARN_ABOUT_RETURN_TYPE = YES_ERROR;
				GCC_WARN_UNDECLARED_SELECTOR = YES;
				GCC_WARN_UNINITIALIZED_AUTOS = YES_AGGRESSIVE;
				GCC_WARN_UNUSED_FUNCTION = YES;
				GCC_WARN_UNUSED_VARIABLE = YES;
				IPHONEOS_DEPLOYMENT_TARGET = 12.1;
				MTL_ENABLE_DEBUG_INFO = NO;
				MTL_FAST_MATH = YES;
				SDKROOT = iphoneos;
				SWIFT_COMPILATION_MODE = wholemodule;
				SWIFT_OPTIMIZATION_LEVEL = "-O";
				VALIDATE_PRODUCT = YES;
			};
			name = Release;
		};
		CAF8F81E21EF3032007FE40B /* Debug */ = {
			isa = XCBuildConfiguration;
			buildSettings = {
				ASSETCATALOG_COMPILER_APPICON_NAME = AppIcon;
				CODE_SIGN_STYLE = Automatic;
				DEVELOPMENT_TEAM = UW69ZFFDZJ;
				INFOPLIST_FILE = MovingCircleAnimation/Info.plist;
				LD_RUNPATH_SEARCH_PATHS = (
					"$(inherited)",
					"@executable_path/Frameworks",
				);
				PRODUCT_BUNDLE_IDENTIFIER = com.studeapps.MovingCircleAnimation;
				PRODUCT_NAME = "$(TARGET_NAME)";
				SWIFT_VERSION = 4.2;
				TARGETED_DEVICE_FAMILY = "1,2";
			};
			name = Debug;
		};
		CAF8F81F21EF3032007FE40B /* Release */ = {
			isa = XCBuildConfiguration;
			buildSettings = {
				ASSETCATALOG_COMPILER_APPICON_NAME = AppIcon;
				CODE_SIGN_STYLE = Automatic;
				DEVELOPMENT_TEAM = UW69ZFFDZJ;
				INFOPLIST_FILE = MovingCircleAnimation/Info.plist;
				LD_RUNPATH_SEARCH_PATHS = (
					"$(inherited)",
					"@executable_path/Frameworks",
				);
				PRODUCT_BUNDLE_IDENTIFIER = com.studeapps.MovingCircleAnimation;
				PRODUCT_NAME = "$(TARGET_NAME)";
				SWIFT_VERSION = 4.2;
				TARGETED_DEVICE_FAMILY = "1,2";
			};
			name = Release;
		};
		CAF8F82121EF3032007FE40B /* Debug */ = {
			isa = XCBuildConfiguration;
			buildSettings = {
				ALWAYS_EMBED_SWIFT_STANDARD_LIBRARIES = YES;
				BUNDLE_LOADER = "$(TEST_HOST)";
				CODE_SIGN_STYLE = Automatic;
				DEVELOPMENT_TEAM = UW69ZFFDZJ;
				INFOPLIST_FILE = MovingCircleAnimationTests/Info.plist;
				LD_RUNPATH_SEARCH_PATHS = (
					"$(inherited)",
					"@executable_path/Frameworks",
					"@loader_path/Frameworks",
				);
				PRODUCT_BUNDLE_IDENTIFIER = com.studeapps.MovingCircleAnimationTests;
				PRODUCT_NAME = "$(TARGET_NAME)";
				SWIFT_VERSION = 4.2;
				TARGETED_DEVICE_FAMILY = "1,2";
				TEST_HOST = "$(BUILT_PRODUCTS_DIR)/MovingCircleAnimation.app/MovingCircleAnimation";
			};
			name = Debug;
		};
		CAF8F82221EF3032007FE40B /* Release */ = {
			isa = XCBuildConfiguration;
			buildSettings = {
				ALWAYS_EMBED_SWIFT_STANDARD_LIBRARIES = YES;
				BUNDLE_LOADER = "$(TEST_HOST)";
				CODE_SIGN_STYLE = Automatic;
				DEVELOPMENT_TEAM = UW69ZFFDZJ;
				INFOPLIST_FILE = MovingCircleAnimationTests/Info.plist;
				LD_RUNPATH_SEARCH_PATHS = (
					"$(inherited)",
					"@executable_path/Frameworks",
					"@loader_path/Frameworks",
				);
				PRODUCT_BUNDLE_IDENTIFIER = com.studeapps.MovingCircleAnimationTests;
				PRODUCT_NAME = "$(TARGET_NAME)";
				SWIFT_VERSION = 4.2;
				TARGETED_DEVICE_FAMILY = "1,2";
				TEST_HOST = "$(BUILT_PRODUCTS_DIR)/MovingCircleAnimation.app/MovingCircleAnimation";
			};
			name = Release;
		};
/* End XCBuildConfiguration section */

/* Begin XCConfigurationList section */
		CAF8F7FB21EF3031007FE40B /* Build configuration list for PBXProject "MovingCircleAnimation" */ = {
			isa = XCConfigurationList;
			buildConfigurations = (
				CAF8F81B21EF3032007FE40B /* Debug */,
				CAF8F81C21EF3032007FE40B /* Release */,
			);
			defaultConfigurationIsVisible = 0;
			defaultConfigurationName = Release;
		};
		CAF8F81D21EF3032007FE40B /* Build configuration list for PBXNativeTarget "MovingCircleAnimation" */ = {
			isa = XCConfigurationList;
			buildConfigurations = (
				CAF8F81E21EF3032007FE40B /* Debug */,
				CAF8F81F21EF3032007FE40B /* Release */,
			);
			defaultConfigurationIsVisible = 0;
			defaultConfigurationName = Release;
		};
		CAF8F82021EF3032007FE40B /* Build configuration list for PBXNativeTarget "MovingCircleAnimationTests" */ = {
			isa = XCConfigurationList;
			buildConfigurations = (
				CAF8F82121EF3032007FE40B /* Debug */,
				CAF8F82221EF3032007FE40B /* Release */,
			);
			defaultConfigurationIsVisible = 0;
			defaultConfigurationName = Release;
		};
/* End XCConfigurationList section */
	};
	rootObject = CAF8F7F821EF3031007FE40B /* Project object */;
}
